
Microsoft Visual Studio Solution File, Format Version 12.00
# Visual Studio 15
VisualStudioVersion = 15.0.26403.3
MinimumVisualStudioVersion = 10.0.40219.1
Project("{FAE04EC0-301F-11D3-BF4B-00C04F79EFBC}") = "ClassMapperTests", "ClassMapperTests\ClassMapperTests.csproj", "{41E346B6-CA26-4AEE-BF99-FF095C4980D6}"
EndProject
Project("{FAE04EC0-301F-11D3-BF4B-00C04F79EFBC}") = "ClassMapper", "ClassMapper\ClassMapper.csproj", "{B935F0B1-0E6D-4775-B52E-C2BF13305837}"
EndProject
Project("{FAE04EC0-301F-11D3-BF4B-00C04F79EFBC}") = "ExpressionTransformation", "ExpressionTransformation\ExpressionTransformation.csproj", "{9271F2C4-B048-40CF-9369-89BA27CE1755}"
EndProject
Project("{FAE04EC0-301F-11D3-BF4B-00C04F79EFBC}") = "ExpressionTransformationTests", "ExpressionTransformationTest\ExpressionTransformationTests.csproj", "{ABCFAC68-A026-47F6-8563-8CA5589C6680}"
EndProject
Project("{FAE04EC0-301F-11D3-BF4B-00C04F79EFBC}") = "ConsoleApp", "ConsoleApp\ConsoleApp.csproj", "{0847BE54-899A-42A9-8D03-11CB264AE6F0}"
EndProject
Project("{FAE04EC0-301F-11D3-BF4B-00C04F79EFBC}") = "Sample03", "E3S\Sample03.csproj", "{4B096486-7457-4911-8280-7BA7A2BB45A0}"
EndProject
Project("{2150E333-8FDC-42A3-9474-1A3956D46DE8}") = "1_Expressions", "1_Expressions", "{9FEB5635-E9BD-475E-A312-CD60B7E5E33E}"
EndProject
Project("{2150E333-8FDC-42A3-9474-1A3956D46DE8}") = "2_XML", "2_XML", "{30A8080F-BD0A-438B-A42A-2B55F1EA924B}"
EndProject
Project("{FAE04EC0-301F-11D3-BF4B-00C04F79EFBC}") = "XmlTools", "XmlTools\XmlTools.csproj", "{8CDE8737-D7BE-47CB-BF80-11663044AEDA}"
EndProject
Project("{FAE04EC0-301F-11D3-BF4B-00C04F79EFBC}") = "XmlToolsTests", "XmlToolsTests\XmlToolsTests.csproj", "{9EB3F788-22FF-4CBB-93D7-8F081812802F}"
EndProject
Project("{2150E333-8FDC-42A3-9474-1A3956D46DE8}") = "3_Unmanaged_Code", "3_Unmanaged_Code", "{683D0A8C-E5FC-43D5-9FE5-917F45835EDF}"
EndProject
Project("{FAE04EC0-301F-11D3-BF4B-00C04F79EFBC}") = "PowerStateManagement", "PowerStateManagement\PowerStateManagement.csproj", "{41BFC663-34FE-4EC8-8580-57906E4D320C}"
EndProject
Project("{2150E333-8FDC-42A3-9474-1A3956D46DE8}") = "4_Multi-threading", "4_Multi-threading", "{678124DC-D48F-4C44-9B70-53136DB175E3}"
EndProject
Project("{FAE04EC0-301F-11D3-BF4B-00C04F79EFBC}") = "IanaUtilities", "IanaUtilities\IanaUtilities.csproj", "{17DF8343-A1B1-4C81-AC3C-6474F8CD7F71}"
EndProject
Project("{FAE04EC0-301F-11D3-BF4B-00C04F79EFBC}") = "IanaUtilitiesTests", "IanaUtilitiesTests\IanaUtilitiesTests.csproj", "{544829B4-9EAC-4175-B5DD-6FBD59B9E8A3}"
EndProject
Global
	GlobalSection(SolutionConfigurationPlatforms) = preSolution
		Debug|Any CPU = Debug|Any CPU
		Release|Any CPU = Release|Any CPU
	EndGlobalSection
	GlobalSection(ProjectConfigurationPlatforms) = postSolution
		{41E346B6-CA26-4AEE-BF99-FF095C4980D6}.Debug|Any CPU.ActiveCfg = Debug|Any CPU
		{41E346B6-CA26-4AEE-BF99-FF095C4980D6}.Debug|Any CPU.Build.0 = Debug|Any CPU
		{41E346B6-CA26-4AEE-BF99-FF095C4980D6}.Release|Any CPU.ActiveCfg = Release|Any CPU
		{41E346B6-CA26-4AEE-BF99-FF095C4980D6}.Release|Any CPU.Build.0 = Release|Any CPU
		{B935F0B1-0E6D-4775-B52E-C2BF13305837}.Debug|Any CPU.ActiveCfg = Debug|Any CPU
		{B935F0B1-0E6D-4775-B52E-C2BF13305837}.Debug|Any CPU.Build.0 = Debug|Any CPU
		{B935F0B1-0E6D-4775-B52E-C2BF13305837}.Release|Any CPU.ActiveCfg = Release|Any CPU
		{B935F0B1-0E6D-4775-B52E-C2BF13305837}.Release|Any CPU.Build.0 = Release|Any CPU
		{9271F2C4-B048-40CF-9369-89BA27CE1755}.Debug|Any CPU.ActiveCfg = Debug|Any CPU
		{9271F2C4-B048-40CF-9369-89BA27CE1755}.Debug|Any CPU.Build.0 = Debug|Any CPU
		{9271F2C4-B048-40CF-9369-89BA27CE1755}.Release|Any CPU.ActiveCfg = Release|Any CPU
		{9271F2C4-B048-40CF-9369-89BA27CE1755}.Release|Any CPU.Build.0 = Release|Any CPU
		{ABCFAC68-A026-47F6-8563-8CA5589C6680}.Debug|Any CPU.ActiveCfg = Debug|Any CPU
		{ABCFAC68-A026-47F6-8563-8CA5589C6680}.Debug|Any CPU.Build.0 = Debug|Any CPU
		{ABCFAC68-A026-47F6-8563-8CA5589C6680}.Release|Any CPU.ActiveCfg = Release|Any CPU
		{ABCFAC68-A026-47F6-8563-8CA5589C6680}.Release|Any CPU.Build.0 = Release|Any CPU
		{0847BE54-899A-42A9-8D03-11CB264AE6F0}.Debug|Any CPU.ActiveCfg = Debug|Any CPU
		{0847BE54-899A-42A9-8D03-11CB264AE6F0}.Debug|Any CPU.Build.0 = Debug|Any CPU
		{0847BE54-899A-42A9-8D03-11CB264AE6F0}.Release|Any CPU.ActiveCfg = Release|Any CPU
		{0847BE54-899A-42A9-8D03-11CB264AE6F0}.Release|Any CPU.Build.0 = Release|Any CPU
		{4B096486-7457-4911-8280-7BA7A2BB45A0}.Debug|Any CPU.ActiveCfg = Debug|Any CPU
		{4B096486-7457-4911-8280-7BA7A2BB45A0}.Debug|Any CPU.Build.0 = Debug|Any CPU
		{4B096486-7457-4911-8280-7BA7A2BB45A0}.Release|Any CPU.ActiveCfg = Release|Any CPU
		{4B096486-7457-4911-8280-7BA7A2BB45A0}.Release|Any CPU.Build.0 = Release|Any CPU
		{8CDE8737-D7BE-47CB-BF80-11663044AEDA}.Debug|Any CPU.ActiveCfg = Debug|Any CPU
		{8CDE8737-D7BE-47CB-BF80-11663044AEDA}.Debug|Any CPU.Build.0 = Debug|Any CPU
		{8CDE8737-D7BE-47CB-BF80-11663044AEDA}.Release|Any CPU.ActiveCfg = Release|Any CPU
		{8CDE8737-D7BE-47CB-BF80-11663044AEDA}.Release|Any CPU.Build.0 = Release|Any CPU
		{9EB3F788-22FF-4CBB-93D7-8F081812802F}.Debug|Any CPU.ActiveCfg = Debug|Any CPU
		{9EB3F788-22FF-4CBB-93D7-8F081812802F}.Debug|Any CPU.Build.0 = Debug|Any CPU
		{9EB3F788-22FF-4CBB-93D7-8F081812802F}.Release|Any CPU.ActiveCfg = Release|Any CPU
		{9EB3F788-22FF-4CBB-93D7-8F081812802F}.Release|Any CPU.Build.0 = Release|Any CPU
		{41BFC663-34FE-4EC8-8580-57906E4D320C}.Debug|Any CPU.ActiveCfg = Debug|Any CPU
		{41BFC663-34FE-4EC8-8580-57906E4D320C}.Debug|Any CPU.Build.0 = Debug|Any CPU
		{41BFC663-34FE-4EC8-8580-57906E4D320C}.Release|Any CPU.ActiveCfg = Release|Any CPU
		{41BFC663-34FE-4EC8-8580-57906E4D320C}.Release|Any CPU.Build.0 = Release|Any CPU
		{17DF8343-A1B1-4C81-AC3C-6474F8CD7F71}.Debug|Any CPU.ActiveCfg = Debug|Any CPU
		{17DF8343-A1B1-4C81-AC3C-6474F8CD7F71}.Debug|Any CPU.Build.0 = Debug|Any CPU
		{17DF8343-A1B1-4C81-AC3C-6474F8CD7F71}.Release|Any CPU.ActiveCfg = Release|Any CPU
		{17DF8343-A1B1-4C81-AC3C-6474F8CD7F71}.Release|Any CPU.Build.0 = Release|Any CPU
		{544829B4-9EAC-4175-B5DD-6FBD59B9E8A3}.Debug|Any CPU.ActiveCfg = Debug|Any CPU
		{544829B4-9EAC-4175-B5DD-6FBD59B9E8A3}.Debug|Any CPU.Build.0 = Debug|Any CPU
		{544829B4-9EAC-4175-B5DD-6FBD59B9E8A3}.Release|Any CPU.ActiveCfg = Release|Any CPU
		{544829B4-9EAC-4175-B5DD-6FBD59B9E8A3}.Release|Any CPU.Build.0 = Release|Any CPU
	EndGlobalSection
	GlobalSection(SolutionProperties) = preSolution
		HideSolutionNode = FALSE
	EndGlobalSection
	GlobalSection(NestedProjects) = preSolution
		{41E346B6-CA26-4AEE-BF99-FF095C4980D6} = {9FEB5635-E9BD-475E-A312-CD60B7E5E33E}
		{B935F0B1-0E6D-4775-B52E-C2BF13305837} = {9FEB5635-E9BD-475E-A312-CD60B7E5E33E}
		{9271F2C4-B048-40CF-9369-89BA27CE1755} = {9FEB5635-E9BD-475E-A312-CD60B7E5E33E}
		{ABCFAC68-A026-47F6-8563-8CA5589C6680} = {9FEB5635-E9BD-475E-A312-CD60B7E5E33E}
		{4B096486-7457-4911-8280-7BA7A2BB45A0} = {9FEB5635-E9BD-475E-A312-CD60B7E5E33E}
		{8CDE8737-D7BE-47CB-BF80-11663044AEDA} = {30A8080F-BD0A-438B-A42A-2B55F1EA924B}
		{9EB3F788-22FF-4CBB-93D7-8F081812802F} = {30A8080F-BD0A-438B-A42A-2B55F1EA924B}
		{41BFC663-34FE-4EC8-8580-57906E4D320C} = {683D0A8C-E5FC-43D5-9FE5-917F45835EDF}
		{17DF8343-A1B1-4C81-AC3C-6474F8CD7F71} = {678124DC-D48F-4C44-9B70-53136DB175E3}
		{544829B4-9EAC-4175-B5DD-6FBD59B9E8A3} = {678124DC-D48F-4C44-9B70-53136DB175E3}
	EndGlobalSection
EndGlobal
