
Microsoft Visual Studio Solution File, Format Version 12.00
# Visual Studio 15
VisualStudioVersion = 15.0.26228.9
MinimumVisualStudioVersion = 10.0.40219.1
Project("{FAE04EC0-301F-11D3-BF4B-00C04F79EFBC}") = "ClassMapperTests", "ClassMapperTests\ClassMapperTests.csproj", "{41E346B6-CA26-4AEE-BF99-FF095C4980D6}"
EndProject
Project("{FAE04EC0-301F-11D3-BF4B-00C04F79EFBC}") = "ClassMapper", "ClassMapper\ClassMapper.csproj", "{B935F0B1-0E6D-4775-B52E-C2BF13305837}"
EndProject
Project("{FAE04EC0-301F-11D3-BF4B-00C04F79EFBC}") = "ExpressionTransformation", "ExpressionTransformation\ExpressionTransformation.csproj", "{9271F2C4-B048-40CF-9369-89BA27CE1755}"
EndProject
Project("{FAE04EC0-301F-11D3-BF4B-00C04F79EFBC}") = "ExpressionTransformationTests", "ExpressionTransformationTest\ExpressionTransformationTests.csproj", "{ABCFAC68-A026-47F6-8563-8CA5589C6680}"
EndProject
Project("{FAE04EC0-301F-11D3-BF4B-00C04F79EFBC}") = "ConsoleApp", "ConsoleApp\ConsoleApp.csproj", "{0847BE54-899A-42A9-8D03-11CB264AE6F0}"
EndProject
Global
	GlobalSection(SolutionConfigurationPlatforms) = preSolution
		Debug|Any CPU = Debug|Any CPU
		Release|Any CPU = Release|Any CPU
	EndGlobalSection
	GlobalSection(ProjectConfigurationPlatforms) = postSolution
		{41E346B6-CA26-4AEE-BF99-FF095C4980D6}.Debug|Any CPU.ActiveCfg = Debug|Any CPU
		{41E346B6-CA26-4AEE-BF99-FF095C4980D6}.Debug|Any CPU.Build.0 = Debug|Any CPU
		{41E346B6-CA26-4AEE-BF99-FF095C4980D6}.Release|Any CPU.ActiveCfg = Release|Any CPU
		{41E346B6-CA26-4AEE-BF99-FF095C4980D6}.Release|Any CPU.Build.0 = Release|Any CPU
		{B935F0B1-0E6D-4775-B52E-C2BF13305837}.Debug|Any CPU.ActiveCfg = Debug|Any CPU
		{B935F0B1-0E6D-4775-B52E-C2BF13305837}.Debug|Any CPU.Build.0 = Debug|Any CPU
		{B935F0B1-0E6D-4775-B52E-C2BF13305837}.Release|Any CPU.ActiveCfg = Release|Any CPU
		{B935F0B1-0E6D-4775-B52E-C2BF13305837}.Release|Any CPU.Build.0 = Release|Any CPU
		{9271F2C4-B048-40CF-9369-89BA27CE1755}.Debug|Any CPU.ActiveCfg = Debug|Any CPU
		{9271F2C4-B048-40CF-9369-89BA27CE1755}.Debug|Any CPU.Build.0 = Debug|Any CPU
		{9271F2C4-B048-40CF-9369-89BA27CE1755}.Release|Any CPU.ActiveCfg = Release|Any CPU
		{9271F2C4-B048-40CF-9369-89BA27CE1755}.Release|Any CPU.Build.0 = Release|Any CPU
		{ABCFAC68-A026-47F6-8563-8CA5589C6680}.Debug|Any CPU.ActiveCfg = Debug|Any CPU
		{ABCFAC68-A026-47F6-8563-8CA5589C6680}.Debug|Any CPU.Build.0 = Debug|Any CPU
		{ABCFAC68-A026-47F6-8563-8CA5589C6680}.Release|Any CPU.ActiveCfg = Release|Any CPU
		{ABCFAC68-A026-47F6-8563-8CA5589C6680}.Release|Any CPU.Build.0 = Release|Any CPU
		{0847BE54-899A-42A9-8D03-11CB264AE6F0}.Debug|Any CPU.ActiveCfg = Debug|Any CPU
		{0847BE54-899A-42A9-8D03-11CB264AE6F0}.Debug|Any CPU.Build.0 = Debug|Any CPU
		{0847BE54-899A-42A9-8D03-11CB264AE6F0}.Release|Any CPU.ActiveCfg = Release|Any CPU
		{0847BE54-899A-42A9-8D03-11CB264AE6F0}.Release|Any CPU.Build.0 = Release|Any CPU
	EndGlobalSection
	GlobalSection(SolutionProperties) = preSolution
		HideSolutionNode = FALSE
	EndGlobalSection
EndGlobal
